
Microsoft Visual Studio Solution File, Format Version 12.00
# Visual Studio Version 17
VisualStudioVersion = 17.0.31919.166
MinimumVisualStudioVersion = 10.0.40219.1
Project("{FAE04EC0-301F-11D3-BF4B-00C04F79EFBC}") = "IMCUC12", "IMCUC12\IMCUC12.csproj", "{89C2E06A-C6B5-447B-BF3F-5F076F13F3E1}"
EndProject
Global
	GlobalSection(SolutionConfigurationPlatforms) = preSolution
		Debug|Any CPU = Debug|Any CPU
		Release|Any CPU = Release|Any CPU
	EndGlobalSection
	GlobalSection(ProjectConfigurationPlatforms) = postSolution
		{89C2E06A-C6B5-447B-BF3F-5F076F13F3E1}.Debug|Any CPU.ActiveCfg = Debug|Any CPU
		{89C2E06A-C6B5-447B-BF3F-5F076F13F3E1}.Debug|Any CPU.Build.0 = Debug|Any CPU
		{89C2E06A-C6B5-447B-BF3F-5F076F13F3E1}.Release|Any CPU.ActiveCfg = Release|Any CPU
		{89C2E06A-C6B5-447B-BF3F-5F076F13F3E1}.Release|Any CPU.Build.0 = Release|Any CPU
	EndGlobalSection
	GlobalSection(SolutionProperties) = preSolution
		HideSolutionNode = FALSE
	EndGlobalSection
	GlobalSection(ExtensibilityGlobals) = postSolution
		SolutionGuid = {B01BF0A7-9088-460F-9853-F7324BE050B8}
	EndGlobalSection
EndGlobal
